{
  "name": "gaokao-coach-package",
  "version": "0.2.0",
  "lockfileVersion": 3,
  "requires": true,
  "packages": {
    "": {
      "name": "gaokao-coach-package",
      "version": "0.2.0",
      "bundleDependencies": [
        "@mjakl/pi-subagent"
      ],
      "license": "MIT",
      "dependencies": {
        "@mjakl/pi-subagent": "^3.0.1"
      },
      "peerDependencies": {
        "@earendil-works/pi-agent-core": "*",
        "@earendil-works/pi-ai": "*",
        "@earendil-works/pi-coding-agent": "*",
        "@earendil-works/pi-tui": "*",
        "typebox": "*"
      },
      "peerDependenciesMeta": {
        "@earendil-works/pi-agent-core": {
          "optional": true
        },
        "@earendil-works/pi-ai": {
          "optional": true
        },
        "@earendil-works/pi-coding-agent": {
          "optional": true
        },
        "@earendil-works/pi-tui": {
          "optional": true
        },
        "typebox": {
          "optional": true
        }
      }
    },
    "node_modules/@mjakl/pi-subagent": {
      "version": "3.0.1",
      "resolved": "https://registry.npmmirror.com/@mjakl/pi-subagent/-/pi-subagent-3.0.1.tgz",
      "integrity": "sha512-S8wS0OD/3LBUU/iNosnZfNz/E3ccrjBTP2nkGk3bz1nt7jYASR7GZLxU6QGE/BVljNR07YmhhdvHJo+N4d8YuQ==",
      "inBundle": true,
      "license": "MIT",
      "peerDependencies": {
        "@earendil-works/pi-agent-core": ">=0.80.5",
        "@earendil-works/pi-ai": ">=0.80.5",
        "@earendil-works/pi-coding-agent": ">=0.80.5",
        "@earendil-works/pi-tui": ">=0.80.5",
        "typebox": "*"
      },
      "peerDependenciesMeta": {
        "@earendil-works/pi-agent-core": {
          "optional": true
        },
        "@earendil-works/pi-ai": {
          "optional": true
        },
        "@earendil-works/pi-coding-agent": {
          "optional": true
        },
        "@earendil-works/pi-tui": {
          "optional": true
        },
        "typebox": {
          "optional": true
        }
      }
    }
  }
}
